# THIS IS AN AUTOGENERATED FILE. DO NOT EDIT THIS FILE DIRECTLY.
# yarn lockfile v1


"@next/env@13.4.18":
  version "13.4.18"
  resolved "https://registry.yarnpkg.com/@next/env/-/env-13.4.18.tgz#92a09de23fd48a5536f4af7bbc103333c28bb441"
  integrity sha512-ZUG5Y/KSSerggdeD2LIYgiYziKTuSE9oE2RnW8bhNw6WunA8MrVfrWaCDTYSx/UG8qzPpSF+BiZNiHUiALxCdA==

"@next/swc-darwin-arm64@13.4.18":
  version "13.4.18"
  resolved "https://registry.yarnpkg.com/@next/swc-darwin-arm64/-/swc-darwin-arm64-13.4.18.tgz#189ffe8b71f22f25514f656c14864e2c7c6e4592"
  integrity sha512-d/73jvZe7dNTjLugDsIIy2AdQrwE2dFC9/QRr7yHmFm8mS5EiIHeDKzaqIsv9+JXKD9ZB1i/c0x7+F0PlKo1vQ==

"@next/swc-darwin-x64@13.4.18":
  version "13.4.18"
  resolved "https://registry.yarnpkg.com/@next/swc-darwin-x64/-/swc-darwin-x64-13.4.18.tgz#fd37a7cf7e39c6f948b41a7ad73dff6ec3ce4441"
  integrity sha512-PwfvxgxG5rvUJppF02IdVAVx4HTtbZrS/Nz9qHfYfeFOQ9a+PijL8Xr9BJ21jiIS+dPQjwzvpsOdsC+DOrlzhg==

"@next/swc-linux-arm64-gnu@13.4.18":
  version "13.4.18"
  resolved "https://registry.yarnpkg.com/@next/swc-linux-arm64-gnu/-/swc-linux-arm64-gnu-13.4.18.tgz#1b735688e28389ba62d9fbcc46780ac5028118c6"
  integrity sha512-Nayn6yFeox9wKaRTLaWRvO3DjB8xEM3BnXu7QnQeZb0AgD484XmdxK13TYZW4jdNy3VJ5OyYIpL4mhkgWEVq/A==

"@next/swc-linux-arm64-musl@13.4.18":
  version "13.4.18"
  resolved "https://registry.yarnpkg.com/@next/swc-linux-arm64-musl/-/swc-linux-arm64-musl-13.4.18.tgz#58622904ca1ab2160184e67bb442348bc5322719"
  integrity sha512-sQzJ5DFPvGlKjI97R17v2RxKJYYzHw4lJZ4xhK6wvyYJYYcn9JfIMyKCvLtfLgpU1tOUcbkmx7i8XC28sB1BsQ==

"@next/swc-linux-x64-gnu@13.4.18":
  version "13.4.18"
  resolved "https://registry.yarnpkg.com/@next/swc-linux-x64-gnu/-/swc-linux-x64-gnu-13.4.18.tgz#3172162ae5d340559da8bec6d1cb38dae3c3ae86"
  integrity sha512-zqCLvGdz+T0V+set8zRHbkl3PQq0quUp5Dtuj1yGw0N9htp3beL1RVyhfSusbgxT82TRTXJe94IREgM8iYq6wg==

"@next/swc-linux-x64-musl@13.4.18":
  version "13.4.18"
  resolved "https://registry.yarnpkg.com/@next/swc-linux-x64-musl/-/swc-linux-x64-musl-13.4.18.tgz#47858fc85521f255ee01315c175fd43082b2c82e"
  integrity sha512-V/+dWy32eo3iiWkro+0M4/vNp1anGrVzNp90teVKG5tl5t5qNGc/qWOgmgTG8JhowdJAxj7+fp+WltrcezqsDA==

"@next/swc-win32-arm64-msvc@13.4.18":
  version "13.4.18"
  resolved "https://registry.yarnpkg.com/@next/swc-win32-arm64-msvc/-/swc-win32-arm64-msvc-13.4.18.tgz#aed05ebe46ce4e2093e03b907bbfeb2c65948806"
  integrity sha512-anytZjyD1tAgfA/crOrVcUlm0yrSNKYKpg53NQ+Y83nAungrghBthZZiA1/QvmIs1Igu0Rqw/O6hqCOH63o8pw==

"@next/swc-win32-ia32-msvc@13.4.18":
  version "13.4.18"
  resolved "https://registry.yarnpkg.com/@next/swc-win32-ia32-msvc/-/swc-win32-ia32-msvc-13.4.18.tgz#8a3bd3b784ef41d5dbef5a09e42f08efca181076"
  integrity sha512-lgsZDjbU0FQQH2pDSYeKIbVX9g8dqA7fUtgcAcwbj4eEuVW/K41rKFQceMM1kt0ktVUZ4uF2qOHsgebOWpDJIw==

"@next/swc-win32-x64-msvc@13.4.18":
  version "13.4.18"
  resolved "https://registry.yarnpkg.com/@next/swc-win32-x64-msvc/-/swc-win32-x64-msvc-13.4.18.tgz#a746a10fbd3515c7ddfdfd65250f6b30cb1ce3f8"
  integrity sha512-cS72bVNqICglP/uEzqNy26lfRH30zf4AbqnnhPhe+UxRg6d+OTtRQpFX7C4xtBP09FKA+MSSflNVkrn2ZfaWrA==

"@sanity/client@^6.4.5":
  version "6.4.9"
  resolved "https://registry.yarnpkg.com/@sanity/client/-/client-6.4.9.tgz#453fc7127cc959cbb929b91d3990cf3943362973"
  integrity sha512-9y/exbu9kBgIuXouUWlHLGfPm3/jxRP8bSaysteILTQknLQZHExSyjFsYD/CxH3Xk43NzELqktvEXlP1/kZ6LA==
  dependencies:
    "@sanity/eventsource" "^5.0.0"
    get-it "^8.4.3"
    rxjs "^7.0.0"

"@sanity/eventsource@5.0.0", "@sanity/eventsource@^5.0.0":
  version "5.0.0"
  resolved "https://registry.yarnpkg.com/@sanity/eventsource/-/eventsource-5.0.0.tgz#45410c8259e0bb80b4e308e1872846439590805a"
  integrity sha512-0ewT+BDzfiamHwitUfRcwsl/RREHjWv6VNZvQ8Q4OnnNKXfEEGXbWmqzof0okOTkp4XELgyliht4Qj28o9AU2g==
  dependencies:
    "@types/event-source-polyfill" "1.0.1"
    "@types/eventsource" "1.1.11"
    event-source-polyfill "1.0.31"
    eventsource "2.0.2"

"@sanity/groq-store@4.0.4":
  version "4.0.4"
  resolved "https://registry.yarnpkg.com/@sanity/groq-store/-/groq-store-4.0.4.tgz#2f50f0c6a987a28bcc51bf57ccca9ccf5fa8ca27"
  integrity sha512-Bk1ZsS6PGeCtmP8a4FJfvHws1WlnQUPdcr9MbO38Fbbtp55ZdLjTbxozxo//mK7jsbmNxf2HjpQ1mm5jDI49RQ==
  dependencies:
    "@sanity/eventsource" "^5.0.0"
    "@sanity/types" "^3.14.5"
    fast-deep-equal "3.1.3"
    groq "^3.14.5"
    groq-js "1.1.12"
    mendoza "3.0.3"
    simple-get "4.0.1"
    split2 "4.2.0"
    throttle-debounce "5.0.0"

"@sanity/preview-kit@3.1.3":
  version "3.1.3"
  resolved "https://registry.yarnpkg.com/@sanity/preview-kit/-/preview-kit-3.1.3.tgz#5c00a90807c4d364a62e83232a6cc8ac3562f78c"
  integrity sha512-v8zqm4uxE42RXmYySrULfscvdIFPjLwIrBbhRb+qumZNdGkTZph3y0Zo9rdW9MnOEYwew0pz6BUq+n7y/NoRwA==
  dependencies:
    "@sanity/eventsource" "5.0.0"
    "@sanity/groq-store" "4.0.4"
    "@vercel/stega" "0.1.0"
    lodash.get "4.4.2"
    lodash.isplainobject "4.0.6"
    lru-cache "10.0.1"
    mendoza "3.0.3"
    react-fast-compare "3.2.2"
    use-sync-external-store "1.2.0"

"@sanity/types@^3.14.5":
  version "3.15.1"
  resolved "https://registry.yarnpkg.com/@sanity/types/-/types-3.15.1.tgz#177d68329a18d4fa75ef2ff843dcaced32ea0b1e"
  integrity sha512-B24SrVAJfCiF8q+JeTUtUqGjuX9YQj+ytdPcDNVbduIMeQeOmS6keumTvXZ7OS8OK0pgsffP5kUE00KWHgbPxg==
  dependencies:
    "@sanity/client" "^6.4.5"
    "@types/react" "^18.0.25"

"@sanity/webhook@3.0.0":
  version "3.0.0"
  resolved "https://registry.yarnpkg.com/@sanity/webhook/-/webhook-3.0.0.tgz#054127e0087df10579b7944c0c3d4a5a93a3156f"
  integrity sha512-F3mYXbDYOrZ4SB/Hnczi4bctNapVI8y3otRGe6W8LhAS9usxCrQMYGmR1PoHwn++Q6qw6V5cRHAu+edA/vUYLA==
  dependencies:
    base64url "^3.0.1"
    tslib "^2.6.1"

"@swc/helpers@0.5.1":
  version "0.5.1"
  resolved "https://registry.yarnpkg.com/@swc/helpers/-/helpers-0.5.1.tgz#e9031491aa3f26bfcc974a67f48bd456c8a5357a"
  integrity sha512-sJ902EfIzn1Fa+qYmjdQqh8tPsoxyBz+8yBKC2HKUxyezKJFwPGOn7pv4WY6QuQW//ySQi5lJjA/ZT9sNWWNTg==
  dependencies:
    tslib "^2.4.0"

"@types/event-source-polyfill@1.0.1":
  version "1.0.1"
  resolved "https://registry.yarnpkg.com/@types/event-source-polyfill/-/event-source-polyfill-1.0.1.tgz#ffcb4ca17bc35bc1ca5d3e047fe833292bb73c32"
  integrity sha512-dls8b0lUgJ/miRApF0efboQ9QZnAm7ofTO6P1ILu8bRPxUFKDxVwFf8+TeuuErmNui6blpltyr7+eV72dbQXlQ==

"@types/eventsource@1.1.11":
  version "1.1.11"
  resolved "https://registry.yarnpkg.com/@types/eventsource/-/eventsource-1.1.11.tgz#a2c0bfd0436b7db42ed1b2b2117f7ec2e8478dc7"
  integrity sha512-L7wLDZlWm5mROzv87W0ofIYeQP5K2UhoFnnUyEWLKM6UBb0ZNRgAqp98qE5DkgfBXdWfc2kYmw9KZm4NLjRbsw==

"@types/prop-types@*":
  version "15.7.5"
  resolved "https://registry.yarnpkg.com/@types/prop-types/-/prop-types-15.7.5.tgz#5f19d2b85a98e9558036f6a3cacc8819420f05cf"
  integrity sha512-JCB8C6SnDoQf0cNycqd/35A7MjcnK+ZTqE7judS6o7utxUCg6imJg3QK2qzHKszlTjcj2cn+NwMB2i96ubpj7w==

"@types/react@^18.0.25":
  version "18.2.20"
  resolved "https://registry.yarnpkg.com/@types/react/-/react-18.2.20.tgz#1605557a83df5c8a2cc4eeb743b3dfc0eb6aaeb2"
  integrity sha512-WKNtmsLWJM/3D5mG4U84cysVY31ivmyw85dE84fOCk5Hx78wezB/XEjVPWl2JTZ5FkEeaTJf+VgUAUn3PE7Isw==
  dependencies:
    "@types/prop-types" "*"
    "@types/scheduler" "*"
    csstype "^3.0.2"

"@types/scheduler@*":
  version "0.16.3"
  resolved "https://registry.yarnpkg.com/@types/scheduler/-/scheduler-0.16.3.tgz#cef09e3ec9af1d63d2a6cc5b383a737e24e6dcf5"
  integrity sha512-5cJ8CB4yAx7BH1oMvdU0Jh9lrEXyPkar6F9G/ERswkCuvP4KQZfZkSjcMbAICCpQTN4OuZn8tz0HiKv9TGZgrQ==

"@vercel/stega@0.1.0":
  version "0.1.0"
  resolved "https://registry.yarnpkg.com/@vercel/stega/-/stega-0.1.0.tgz#2eadbbc9eb0eaab26d28b0c443a922d78c23b6e3"
  integrity sha512-5b0PkOJsFBX5alChuIO3qpkt5vIZBevzLPhUQ1UP8UzVjL3F1VllnZxp/thfD8R5ol7D7WHkgZHIjdUBX4tDpQ==

base64url@^3.0.1:
  version "3.0.1"
  resolved "https://registry.yarnpkg.com/base64url/-/base64url-3.0.1.tgz#6399d572e2bc3f90a9a8b22d5dbb0a32d33f788d"
  integrity sha512-ir1UPr3dkwexU7FdV8qBBbNDRUhMmIekYMFZfi+C/sLNnRESKPl23nB9b2pltqfOQNnGzsDdId90AEtG5tCx4A==

busboy@1.6.0:
  version "1.6.0"
  resolved "https://registry.yarnpkg.com/busboy/-/busboy-1.6.0.tgz#966ea36a9502e43cdb9146962523b92f531f6893"
  integrity sha512-8SFQbg/0hQ9xy3UNTB0YEnsNBbWfhf7RtnzpL7TkBiTBRfrQ9Fxcnz7VJsleJpyp6rVLvXiuORqjlHi5q+PYuA==
  dependencies:
    streamsearch "^1.1.0"

caniuse-lite@^1.0.30001406:
  version "1.0.30001521"
  resolved "https://registry.yarnpkg.com/caniuse-lite/-/caniuse-lite-1.0.30001521.tgz#e9930cf499f7c1e80334b6c1fbca52e00d889e56"
  integrity sha512-fnx1grfpEOvDGH+V17eccmNjucGUnCbP6KL+l5KqBIerp26WK/+RQ7CIDE37KGJjaPyqWXXlFUyKiWmvdNNKmQ==

client-only@0.0.1:
  version "0.0.1"
  resolved "https://registry.yarnpkg.com/client-only/-/client-only-0.0.1.tgz#38bba5d403c41ab150bff64a95c85013cf73bca1"
  integrity sha512-IV3Ou0jSMzZrd3pZ48nLkT9DA7Ag1pnPzaiQhpW7c3RbcqqzvzzVu+L8gfqMp/8IM2MQtSiqaCxrrcfu8I8rMA==

core-util-is@~1.0.0:
  version "1.0.3"
  resolved "https://registry.yarnpkg.com/core-util-is/-/core-util-is-1.0.3.tgz#a6042d3634c2b27e9328f837b965fac83808db85"
  integrity sha512-ZQBvi1DcpJ4GDqanjucZ2Hj3wEO5pZDS89BWbkcrvdxksJorwUDDZamX9ldFkp9aw2lmBDLgkObEA4DWNJ9FYQ==

csstype@^3.0.2:
  version "3.1.2"
  resolved "https://registry.yarnpkg.com/csstype/-/csstype-3.1.2.tgz#1d4bf9d572f11c14031f0436e1c10bc1f571f50b"
  integrity sha512-I7K1Uu0MBPzaFKg4nI5Q7Vs2t+3gWWW648spaF+Rg7pI9ds18Ugn+lvg4SHczUdKlHI5LWBXyqfS8+DufyBsgQ==

debug@^4.3.4:
  version "4.3.4"
  resolved "https://registry.yarnpkg.com/debug/-/debug-4.3.4.tgz#1319f6579357f2338d3337d2cdd4914bb5dcc865"
  integrity sha512-PRWFHuSU3eDtQJPvnNY7Jcket1j0t5OuOsFzPPzsekD52Zl8qUfFIPEiswXqIvHWGVHOgX+7G/vCNNhehwxfkQ==
  dependencies:
    ms "2.1.2"

decompress-response@^6.0.0:
  version "6.0.0"
  resolved "https://registry.yarnpkg.com/decompress-response/-/decompress-response-6.0.0.tgz#ca387612ddb7e104bd16d85aab00d5ecf09c66fc"
  integrity sha512-aW35yZM6Bb/4oJlZncMH2LCoZtJXTRxES17vE3hoRiowU2kWHaJKFkSBDnDR+cm9J+9QhXmREyIfv0pji9ejCQ==
  dependencies:
    mimic-response "^3.1.0"

decompress-response@^7.0.0:
  version "7.0.0"
  resolved "https://registry.yarnpkg.com/decompress-response/-/decompress-response-7.0.0.tgz#dc42107cc29a258aa8983fddc81c92351810f6fb"
  integrity sha512-6IvPrADQyyPGLpMnUh6kfKiqy7SrbXbjoUuZ90WMBJKErzv2pCiwlGEXjRX9/54OnTq+XFVnkOnOMzclLI5aEA==
  dependencies:
    mimic-response "^3.1.0"

event-source-polyfill@1.0.31:
  version "1.0.31"
  resolved "https://registry.yarnpkg.com/event-source-polyfill/-/event-source-polyfill-1.0.31.tgz#45fb0a6fc1375b2ba597361ba4287ffec5bf2e0c"
  integrity sha512-4IJSItgS/41IxN5UVAVuAyczwZF7ZIEsM1XAoUzIHA6A+xzusEZUutdXz2Nr+MQPLxfTiCvqE79/C8HT8fKFvA==

eventsource@2.0.2:
  version "2.0.2"
  resolved "https://registry.yarnpkg.com/eventsource/-/eventsource-2.0.2.tgz#76dfcc02930fb2ff339520b6d290da573a9e8508"
  integrity sha512-IzUmBGPR3+oUG9dUeXynyNmf91/3zUSJg1lCktzKw47OXuhco54U3r9B7O4XX+Rb1Itm9OZ2b0RkTs10bICOxA==

fast-deep-equal@3.1.3:
  version "3.1.3"
  resolved "https://registry.yarnpkg.com/fast-deep-equal/-/fast-deep-equal-3.1.3.tgz#3a7d56b559d6cbc3eb512325244e619a65c6c525"
  integrity sha512-f3qQ9oQy9j2AhBe/H9VC91wLmKBCCU/gDOnKNAYG5hswO7BLKj09Hc5HYNz9cGI++xlpDCIgDaitVs03ATR84Q==

follow-redirects@^1.15.2:
  version "1.15.2"
  resolved "https://registry.yarnpkg.com/follow-redirects/-/follow-redirects-1.15.2.tgz#b460864144ba63f2681096f274c4e57026da2c13"
  integrity sha512-VQLG33o04KaQ8uYi2tVNbdrWp1QWxNNea+nmIB4EVM28v0hmP17z7aG1+wAkNzVq4KeXTq3221ye5qTJP91JwA==

from2@^2.3.0:
  version "2.3.0"
  resolved "https://registry.yarnpkg.com/from2/-/from2-2.3.0.tgz#8bfb5502bde4a4d36cfdeea007fcca21d7e382af"
  integrity sha512-OMcX/4IC/uqEPVgGeyfN22LJk6AZrMkRZHxcHBMBvHScDGgwTm2GT2Wkgtocyd3JfZffjj2kYUDXXII0Fk9W0g==
  dependencies:
    inherits "^2.0.1"
    readable-stream "^2.0.0"

get-it@^8.4.3:
  version "8.4.3"
  resolved "https://registry.yarnpkg.com/get-it/-/get-it-8.4.3.tgz#f5d05fb95644c5414afa6f5dfd3a927820472f7f"
  integrity sha512-H9YbPCN3QCbxtojv42fvmrkIYe434qKg1nKpMMtBqwL8U3XprnHMgDbQwMJIxSIFOPpajQPf0BxhjsHoFI0cEQ==
  dependencies:
    debug "^4.3.4"
    decompress-response "^7.0.0"
    follow-redirects "^1.15.2"
    into-stream "^6.0.0"
    is-plain-object "^5.0.0"
    is-retry-allowed "^2.2.0"
    is-stream "^2.0.1"
    parse-headers "^2.0.5"
    progress-stream "^2.0.0"
    tunnel-agent "^0.6.0"

glob-to-regexp@^0.4.1:
  version "0.4.1"
  resolved "https://registry.yarnpkg.com/glob-to-regexp/-/glob-to-regexp-0.4.1.tgz#c75297087c851b9a578bd217dd59a92f59fe546e"
  integrity sha512-lkX1HJXwyMcprw/5YUZc2s7DrpAiHB21/V+E1rHUrVNokkvB6bqMzT0VfV6/86ZNabt1k14YOIaT7nDvOX3Iiw==

graceful-fs@^4.1.2:
  version "4.2.11"
  resolved "https://registry.yarnpkg.com/graceful-fs/-/graceful-fs-4.2.11.tgz#4183e4e8bf08bb6e05bbb2f7d2e0c8f712ca40e3"
  integrity sha512-RbJ5/jmFcNNCcDV5o9eTnBLJ/HszWV0P73bc+Ff4nS/rJj+YaS6IGyiOL0VoBYX+l1Wrl3k63h/KrH+nhJ0XvQ==

groq-js@1.1.12:
  version "1.1.12"
  resolved "https://registry.yarnpkg.com/groq-js/-/groq-js-1.1.12.tgz#247a81e52f12f0fa2eaae1ce4f41812c578148ed"
  integrity sha512-02KhsoLuTwr/MOf6bBzt+rQOj+QuLoZ5IDDkzXM2NWY73CF1d29KTRBffzCAjsjBvY7kn+oQcwPdQVb3vBkl9w==

groq@^3.0.0, groq@^3.14.5:
  version "3.15.1"
  resolved "https://registry.yarnpkg.com/groq/-/groq-3.15.1.tgz#ec52e1b9e36cfd9776828a1fda2061aa01ad557a"
  integrity sha512-gRSMFXSDCVE9/69YfhIb4ymh2naGp+JtyrIDBzWrNpZghC/9W4bAkDmHqoWESiTbbpetYZrrFRF3yvcuW7daqA==

inherits@^2.0.1, inherits@~2.0.3:
  version "2.0.4"
  resolved "https://registry.yarnpkg.com/inherits/-/inherits-2.0.4.tgz#0fa2c64f932917c3433a0ded55363aae37416b7c"
  integrity sha512-k/vGaX4/Yla3WzyMCvTQOXYeIHvqOKtnqBduzTHpzpQZzAskKMhZ2K+EnBiSM9zGSoIFeMpXKxa4dYeZIQqewQ==

into-stream@^6.0.0:
  version "6.0.0"
  resolved "https://registry.yarnpkg.com/into-stream/-/into-stream-6.0.0.tgz#4bfc1244c0128224e18b8870e85b2de8e66c6702"
  integrity sha512-XHbaOAvP+uFKUFsOgoNPRjLkwB+I22JFPFe5OjTkQ0nwgj6+pSjb4NmB6VMxaPshLiOf+zcpOCBQuLwC1KHhZA==
  dependencies:
    from2 "^2.3.0"
    p-is-promise "^3.0.0"

is-plain-object@^5.0.0:
  version "5.0.0"
  resolved "https://registry.yarnpkg.com/is-plain-object/-/is-plain-object-5.0.0.tgz#4427f50ab3429e9025ea7d52e9043a9ef4159344"
  integrity sha512-VRSzKkbMm5jMDoKLbltAkFQ5Qr7VDiTFGXxYFXXowVj387GeGNOCsOH6Msy00SGZ3Fp84b1Naa1psqgcCIEP5Q==

is-retry-allowed@^2.2.0:
  version "2.2.0"
  resolved "https://registry.yarnpkg.com/is-retry-allowed/-/is-retry-allowed-2.2.0.tgz#88f34cbd236e043e71b6932d09b0c65fb7b4d71d"
  integrity sha512-XVm7LOeLpTW4jV19QSH38vkswxoLud8sQ57YwJVTPWdiaI9I8keEhGFpBlslyVsgdQy4Opg8QOLb8YRgsyZiQg==

is-stream@^2.0.1:
  version "2.0.1"
  resolved "https://registry.yarnpkg.com/is-stream/-/is-stream-2.0.1.tgz#fac1e3d53b97ad5a9d0ae9cef2389f5810a5c077"
  integrity sha512-hFoiJiTl63nn+kstHGBtewWSKnQLpyb155KHheA1l39uvtO9nWIop1p3udqPcUd/xbF1VLMO4n7OI6p7RbngDg==

isarray@~1.0.0:
  version "1.0.0"
  resolved "https://registry.yarnpkg.com/isarray/-/isarray-1.0.0.tgz#bb935d48582cba168c06834957a54a3e07124f11"
  integrity sha512-VLghIWNM6ELQzo7zwmcg0NmTVyWKYjvIeM83yjp0wRDTmUnrM678fQbcKBo6n2CJEF0szoG//ytg+TKla89ALQ==

"js-tokens@^3.0.0 || ^4.0.0":
  version "4.0.0"
  resolved "https://registry.yarnpkg.com/js-tokens/-/js-tokens-4.0.0.tgz#19203fb59991df98e3a287050d4647cdeaf32499"
  integrity sha512-RdJUflcE3cUzKiMqQgsCu06FPu9UdIJO0beYbPhHN4k6apgJtifcoCtT9bcxOpYBtpD2kCM6Sbzg4CausW/PKQ==

lodash.get@4.4.2:
  version "4.4.2"
  resolved "https://registry.yarnpkg.com/lodash.get/-/lodash.get-4.4.2.tgz#2d177f652fa31e939b4438d5341499dfa3825e99"
  integrity sha512-z+Uw/vLuy6gQe8cfaFWD7p0wVv8fJl3mbzXh33RS+0oW2wvUqiRXiQ69gLWSLpgB5/6sU+r6BlQR0MBILadqTQ==

lodash.isplainobject@4.0.6:
  version "4.0.6"
  resolved "https://registry.yarnpkg.com/lodash.isplainobject/-/lodash.isplainobject-4.0.6.tgz#7c526a52d89b45c45cc690b88163be0497f550cb"
  integrity sha512-oSXzaWypCMHkPC3NvBEaPHf0KsA5mvPrOPgQWDsbg8n7orZ290M0BmC/jgRZ4vcJ6DTAhjrsSYgdsW/F+MFOBA==

loose-envify@^1.1.0:
  version "1.4.0"
  resolved "https://registry.yarnpkg.com/loose-envify/-/loose-envify-1.4.0.tgz#71ee51fa7be4caec1a63839f7e682d8132d30caf"
  integrity sha512-lyuxPGr/Wfhrlem2CL/UcnUc1zcqKAImBDzukY7Y5F/yQiNdko6+fRLevlw1HgMySw7f611UIY408EtxRSoK3Q==
  dependencies:
    js-tokens "^3.0.0 || ^4.0.0"

lru-cache@10.0.1:
  version "10.0.1"
  resolved "https://registry.yarnpkg.com/lru-cache/-/lru-cache-10.0.1.tgz#0a3be479df549cca0e5d693ac402ff19537a6b7a"
  integrity sha512-IJ4uwUTi2qCccrioU6g9g/5rvvVl13bsdczUUcqbciD9iLr095yj8DQKdObriEvuNSx325N1rV1O0sJFszx75g==

mendoza@3.0.3:
  version "3.0.3"
  resolved "https://registry.yarnpkg.com/mendoza/-/mendoza-3.0.3.tgz#5fe1725adef67c92711fe40378920c645edea1b7"
  integrity sha512-xh0Angj7/kuLzJHglH7dVetoSyUt1/2wjmuugB0iBftteS6+xKvwC+bhs+IvF9tITdEdZpIl0XT5QLaL18A5dA==

mimic-response@^3.1.0:
  version "3.1.0"
  resolved "https://registry.yarnpkg.com/mimic-response/-/mimic-response-3.1.0.tgz#2d1d59af9c1b129815accc2c46a022a5ce1fa3c9"
  integrity sha512-z0yWI+4FDrrweS8Zmt4Ej5HdJmky15+L2e6Wgn3+iK5fWzb6T3fhNFq2+MeTRb064c6Wr4N/wv0DzQTjNzHNGQ==

ms@2.1.2:
  version "2.1.2"
  resolved "https://registry.yarnpkg.com/ms/-/ms-2.1.2.tgz#d09d1f357b443f493382a8eb3ccd183872ae6009"
  integrity sha512-sGkPx+VjMtmA6MX27oA4FBFELFCZZ4S4XqeGOXCv68tT+jb3vk/RyaKWP0PTKyWtmLSM0b+adUTEvbs1PEaH2w==

nanoid@^3.3.4:
  version "3.3.6"
  resolved "https://registry.yarnpkg.com/nanoid/-/nanoid-3.3.6.tgz#443380c856d6e9f9824267d960b4236ad583ea4c"
  integrity sha512-BGcqMMJuToF7i1rt+2PWSNVnWIkGCU78jBG3RxO/bZlnZPK2Cmi2QaffxGO/2RvWi9sL+FAiRiXMgsyxQ1DIDA==

next-sanity@^5.4.3:
  version "5.4.3"
  resolved "https://registry.yarnpkg.com/next-sanity/-/next-sanity-5.4.3.tgz#f247b6c647b35e56125ceaf2b89a749951de337f"
  integrity sha512-tenjLXdXxJq9DvHOkzNYNwvbc91qKaZ0viiW56wmdbqSd6YEDpFo26xM+G8ZD1Ab+Am2QMSYy7GgEKP5cpSRzQ==
  dependencies:
    "@sanity/preview-kit" "3.1.3"
    "@sanity/webhook" "3.0.0"
    groq "^3.0.0"

next@^13:
  version "13.4.18"
  resolved "https://registry.yarnpkg.com/next/-/next-13.4.18.tgz#27a06093867d4b874cbb4ebb552ccd3d3ee26fe7"
  integrity sha512-V/IIFA/znYYnOFlZQegrlhlWRpyIuCLXLGuH6pzCjwyxThNBZl4ItqoE3ffUyYY9f0X6XIQ2dX6UUBpNVSKZ8A==
  dependencies:
    "@next/env" "13.4.18"
    "@swc/helpers" "0.5.1"
    busboy "1.6.0"
    caniuse-lite "^1.0.30001406"
    postcss "8.4.14"
    styled-jsx "5.1.1"
    watchpack "2.4.0"
    zod "3.21.4"
  optionalDependencies:
    "@next/swc-darwin-arm64" "13.4.18"
    "@next/swc-darwin-x64" "13.4.18"
    "@next/swc-linux-arm64-gnu" "13.4.18"
    "@next/swc-linux-arm64-musl" "13.4.18"
    "@next/swc-linux-x64-gnu" "13.4.18"
    "@next/swc-linux-x64-musl" "13.4.18"
    "@next/swc-win32-arm64-msvc" "13.4.18"
    "@next/swc-win32-ia32-msvc" "13.4.18"
    "@next/swc-win32-x64-msvc" "13.4.18"

once@^1.3.1:
  version "1.4.0"
  resolved "https://registry.yarnpkg.com/once/-/once-1.4.0.tgz#583b1aa775961d4b113ac17d9c50baef9dd76bd1"
  integrity sha512-lNaJgI+2Q5URQBkccEKHTQOPaXdUxnZZElQTZY0MFUAuaEqe1E+Nyvgdz/aIyNi6Z9MzO5dv1H8n58/GELp3+w==
  dependencies:
    wrappy "1"

p-is-promise@^3.0.0:
  version "3.0.0"
  resolved "https://registry.yarnpkg.com/p-is-promise/-/p-is-promise-3.0.0.tgz#58e78c7dfe2e163cf2a04ff869e7c1dba64a5971"
  integrity sha512-Wo8VsW4IRQSKVXsJCn7TomUaVtyfjVDn3nUP7kE967BQk0CwFpdbZs0X0uk5sW9mkBa9eNM7hCMaG93WUAwxYQ==

parse-headers@^2.0.5:
  version "2.0.5"
  resolved "https://registry.yarnpkg.com/parse-headers/-/parse-headers-2.0.5.tgz#069793f9356a54008571eb7f9761153e6c770da9"
  integrity sha512-ft3iAoLOB/MlwbNXgzy43SWGP6sQki2jQvAyBg/zDFAgr9bfNWZIUj42Kw2eJIl8kEi4PbgE6U1Zau/HwI75HA==

picocolors@^1.0.0:
  version "1.0.0"
  resolved "https://registry.yarnpkg.com/picocolors/-/picocolors-1.0.0.tgz#cb5bdc74ff3f51892236eaf79d68bc44564ab81c"
  integrity sha512-1fygroTLlHu66zi26VoTDv8yRgm0Fccecssto+MhsZ0D/DGW2sm8E8AjW7NU5VVTRt5GxbeZ5qBuJr+HyLYkjQ==

postcss@8.4.14:
  version "8.4.14"
  resolved "https://registry.yarnpkg.com/postcss/-/postcss-8.4.14.tgz#ee9274d5622b4858c1007a74d76e42e56fd21caf"
  integrity sha512-E398TUmfAYFPBSdzgeieK2Y1+1cpdxJx8yXbK/m57nRhKSmk1GB2tO4lbLBtlkfPQTDKfe4Xqv1ASWPpayPEig==
  dependencies:
    nanoid "^3.3.4"
    picocolors "^1.0.0"
    source-map-js "^1.0.2"

process-nextick-args@~2.0.0:
  version "2.0.1"
  resolved "https://registry.yarnpkg.com/process-nextick-args/-/process-nextick-args-2.0.1.tgz#7820d9b16120cc55ca9ae7792680ae7dba6d7fe2"
  integrity sha512-3ouUOpQhtgrbOa17J7+uxOTpITYWaGP7/AhoR3+A+/1e9skrzelGi/dXzEYyvbxubEF6Wn2ypscTKiKJFFn1ag==

progress-stream@^2.0.0:
  version "2.0.0"
  resolved "https://registry.yarnpkg.com/progress-stream/-/progress-stream-2.0.0.tgz#fac63a0b3d11deacbb0969abcc93b214bce19ed5"
  integrity sha512-xJwOWR46jcXUq6EH9yYyqp+I52skPySOeHfkxOZ2IY1AiBi/sFJhbhAKHoV3OTw/omQ45KTio9215dRJ2Yxd3Q==
  dependencies:
    speedometer "~1.0.0"
    through2 "~2.0.3"

react-dom@^18:
  version "18.2.0"
  resolved "https://registry.yarnpkg.com/react-dom/-/react-dom-18.2.0.tgz#22aaf38708db2674ed9ada224ca4aa708d821e3d"
  integrity sha512-6IMTriUmvsjHUjNtEDudZfuDQUoWXVxKHhlEGSk81n4YFS+r/Kl99wXiwlVXtPBtJenozv2P+hxDsw9eA7Xo6g==
  dependencies:
    loose-envify "^1.1.0"
    scheduler "^0.23.0"

react-fast-compare@3.2.2:
  version "3.2.2"
  resolved "https://registry.yarnpkg.com/react-fast-compare/-/react-fast-compare-3.2.2.tgz#929a97a532304ce9fee4bcae44234f1ce2c21d49"
  integrity sha512-nsO+KSNgo1SbJqJEYRE9ERzo7YtYbou/OqjSQKxV7jcKox7+usiUVZOAC+XnDOABXggQTno0Y1CpVnuWEc1boQ==

react@^18:
  version "18.2.0"
  resolved "https://registry.yarnpkg.com/react/-/react-18.2.0.tgz#555bd98592883255fa00de14f1151a917b5d77d5"
  integrity sha512-/3IjMdb2L9QbBdWiW5e3P2/npwMBaU9mHCSCUzNln0ZCYbcfTsGbTJrU/kGemdH2IWmB2ioZ+zkxtmq6g09fGQ==
  dependencies:
    loose-envify "^1.1.0"

readable-stream@^2.0.0, readable-stream@~2.3.6:
  version "2.3.8"
  resolved "https://registry.yarnpkg.com/readable-stream/-/readable-stream-2.3.8.tgz#91125e8042bba1b9887f49345f6277027ce8be9b"
  integrity sha512-8p0AUk4XODgIewSi0l8Epjs+EVnWiK7NoDIEGU0HhE7+ZyY8D1IMY7odu5lRrFXGg71L15KG8QrPmum45RTtdA==
  dependencies:
    core-util-is "~1.0.0"
    inherits "~2.0.3"
    isarray "~1.0.0"
    process-nextick-args "~2.0.0"
    safe-buffer "~5.1.1"
    string_decoder "~1.1.1"
    util-deprecate "~1.0.1"

rxjs@^7.0.0:
  version "7.8.1"
  resolved "https://registry.yarnpkg.com/rxjs/-/rxjs-7.8.1.tgz#6f6f3d99ea8044291efd92e7c7fcf562c4057543"
  integrity sha512-AA3TVj+0A2iuIoQkWEK/tqFjBq2j+6PO6Y0zJcvzLAFhEFIO3HL0vls9hWLncZbAAbK0mar7oZ4V079I/qPMxg==
  dependencies:
    tslib "^2.1.0"

safe-buffer@^5.0.1:
  version "5.2.1"
  resolved "https://registry.yarnpkg.com/safe-buffer/-/safe-buffer-5.2.1.tgz#1eaf9fa9bdb1fdd4ec75f58f9cdb4e6b7827eec6"
  integrity sha512-rp3So07KcdmmKbGvgaNxQSJr7bGVSVk5S9Eq1F+ppbRo70+YeaDxkw5Dd8NPN+GD6bjnYm2VuPuCXmpuYvmCXQ==

safe-buffer@~5.1.0, safe-buffer@~5.1.1:
  version "5.1.2"
  resolved "https://registry.yarnpkg.com/safe-buffer/-/safe-buffer-5.1.2.tgz#991ec69d296e0313747d59bdfd2b745c35f8828d"
  integrity sha512-Gd2UZBJDkXlY7GbJxfsE8/nvKkUEU1G38c1siN6QP6a9PT9MmHB8GnpscSmMJSoF8LOIrt8ud/wPtojys4G6+g==

scheduler@^0.23.0:
  version "0.23.0"
  resolved "https://registry.yarnpkg.com/scheduler/-/scheduler-0.23.0.tgz#ba8041afc3d30eb206a487b6b384002e4e61fdfe"
  integrity sha512-CtuThmgHNg7zIZWAXi3AsyIzA3n4xx7aNyjwC2VJldO2LMVDhFK+63xGqq6CsJH4rTAt6/M+N4GhZiDYPx9eUw==
  dependencies:
    loose-envify "^1.1.0"

simple-concat@^1.0.0:
  version "1.0.1"
  resolved "https://registry.yarnpkg.com/simple-concat/-/simple-concat-1.0.1.tgz#f46976082ba35c2263f1c8ab5edfe26c41c9552f"
  integrity sha512-cSFtAPtRhljv69IK0hTVZQ+OfE9nePi/rtJmw5UjHeVyVroEqJXP1sFztKUy1qU+xvz3u/sfYJLa947b7nAN2Q==

simple-get@4.0.1:
  version "4.0.1"
  resolved "https://registry.yarnpkg.com/simple-get/-/simple-get-4.0.1.tgz#4a39db549287c979d352112fa03fd99fd6bc3543"
  integrity sha512-brv7p5WgH0jmQJr1ZDDfKDOSeWWg+OVypG99A/5vYGPqJ6pxiaHLy8nxtFjBA7oMa01ebA9gfh1uMCFqOuXxvA==
  dependencies:
    decompress-response "^6.0.0"
    once "^1.3.1"
    simple-concat "^1.0.0"

source-map-js@^1.0.2:
  version "1.0.2"
  resolved "https://registry.yarnpkg.com/source-map-js/-/source-map-js-1.0.2.tgz#adbc361d9c62df380125e7f161f71c826f1e490c"
  integrity sha512-R0XvVJ9WusLiqTCEiGCmICCMplcCkIwwR11mOSD9CR5u+IXYdiseeEuXCVAjS54zqwkLcPNnmU4OeJ6tUrWhDw==

speedometer@~1.0.0:
  version "1.0.0"
  resolved "https://registry.yarnpkg.com/speedometer/-/speedometer-1.0.0.tgz#cd671cb06752c22bca3370e2f334440be4fc62e2"
  integrity sha512-lgxErLl/7A5+vgIIXsh9MbeukOaCb2axgQ+bKCdIE+ibNT4XNYGNCR1qFEGq6F+YDASXK3Fh/c5FgtZchFolxw==

split2@4.2.0:
  version "4.2.0"
  resolved "https://registry.yarnpkg.com/split2/-/split2-4.2.0.tgz#c9c5920904d148bab0b9f67145f245a86aadbfa4"
  integrity sha512-UcjcJOWknrNkF6PLX83qcHM6KHgVKNkV62Y8a5uYDVv9ydGQVwAHMKqHdJje1VTWpljG0WYpCDhrCdAOYH4TWg==

streamsearch@^1.1.0:
  version "1.1.0"
  resolved "https://registry.yarnpkg.com/streamsearch/-/streamsearch-1.1.0.tgz#404dd1e2247ca94af554e841a8ef0eaa238da764"
  integrity sha512-Mcc5wHehp9aXz1ax6bZUyY5afg9u2rv5cqQI3mRrYkGC8rW2hM02jWuwjtL++LS5qinSyhj2QfLyNsuc+VsExg==

string_decoder@~1.1.1:
  version "1.1.1"
  resolved "https://registry.yarnpkg.com/string_decoder/-/string_decoder-1.1.1.tgz#9cf1611ba62685d7030ae9e4ba34149c3af03fc8"
  integrity sha512-n/ShnvDi6FHbbVfviro+WojiFzv+s8MPMHBczVePfUpDJLwoLT0ht1l4YwBCbi8pJAveEEdnkHyPyTP/mzRfwg==
  dependencies:
    safe-buffer "~5.1.0"

styled-jsx@5.1.1:
  version "5.1.1"
  resolved "https://registry.yarnpkg.com/styled-jsx/-/styled-jsx-5.1.1.tgz#839a1c3aaacc4e735fed0781b8619ea5d0009d1f"
  integrity sha512-pW7uC1l4mBZ8ugbiZrcIsiIvVx1UmTfw7UkC3Um2tmfUq9Bhk8IiyEIPl6F8agHgjzku6j0xQEZbfA5uSgSaCw==
  dependencies:
    client-only "0.0.1"

throttle-debounce@5.0.0:
  version "5.0.0"
  resolved "https://registry.yarnpkg.com/throttle-debounce/-/throttle-debounce-5.0.0.tgz#a17a4039e82a2ed38a5e7268e4132d6960d41933"
  integrity sha512-2iQTSgkkc1Zyk0MeVrt/3BvuOXYPl/R8Z0U2xxo9rjwNciaHDG3R+Lm6dh4EeUci49DanvBnuqI6jshoQQRGEg==

through2@~2.0.3:
  version "2.0.5"
  resolved "https://registry.yarnpkg.com/through2/-/through2-2.0.5.tgz#01c1e39eb31d07cb7d03a96a70823260b23132cd"
  integrity sha512-/mrRod8xqpA+IHSLyGCQ2s8SPHiCDEeQJSep1jqLYeEUClOFG2Qsh+4FU6G9VeqpZnGW/Su8LQGc4YKni5rYSQ==
  dependencies:
    readable-stream "~2.3.6"
    xtend "~4.0.1"

tslib@^2.1.0, tslib@^2.4.0, tslib@^2.6.1:
  version "2.6.2"
  resolved "https://registry.yarnpkg.com/tslib/-/tslib-2.6.2.tgz#703ac29425e7b37cd6fd456e92404d46d1f3e4ae"
  integrity sha512-AEYxH93jGFPn/a2iVAwW87VuUIkR1FVUKB77NwMF7nBTDkDrrT/Hpt/IrCJ0QXhW27jTBDcf5ZY7w6RiqTMw2Q==

tunnel-agent@^0.6.0:
  version "0.6.0"
  resolved "https://registry.yarnpkg.com/tunnel-agent/-/tunnel-agent-0.6.0.tgz#27a5dea06b36b04a0a9966774b290868f0fc40fd"
  integrity sha512-McnNiV1l8RYeY8tBgEpuodCC1mLUdbSN+CYBL7kJsJNInOP8UjDDEwdk6Mw60vdLLrr5NHKZhMAOSrR2NZuQ+w==
  dependencies:
    safe-buffer "^5.0.1"

use-sync-external-store@1.2.0:
  version "1.2.0"
  resolved "https://registry.yarnpkg.com/use-sync-external-store/-/use-sync-external-store-1.2.0.tgz#7dbefd6ef3fe4e767a0cf5d7287aacfb5846928a"
  integrity sha512-eEgnFxGQ1Ife9bzYs6VLi8/4X6CObHMw9Qr9tPY43iKwsPw8xE8+EFsf/2cFZ5S3esXgpWgtSCtLNS41F+sKPA==

util-deprecate@~1.0.1:
  version "1.0.2"
  resolved "https://registry.yarnpkg.com/util-deprecate/-/util-deprecate-1.0.2.tgz#450d4dc9fa70de732762fbd2d4a28981419a0ccf"
  integrity sha512-EPD5q1uXyFxJpCrLnCc1nHnq3gOa6DZBocAIiI2TaSCA7VCJ1UJDMagCzIkXNsUYfD1daK//LTEQ8xiIbrHtcw==

watchpack@2.4.0:
  version "2.4.0"
  resolved "https://registry.yarnpkg.com/watchpack/-/watchpack-2.4.0.tgz#fa33032374962c78113f93c7f2fb4c54c9862a5d"
  integrity sha512-Lcvm7MGST/4fup+ifyKi2hjyIAwcdI4HRgtvTpIUxBRhB+RFtUh8XtDOxUfctVCnhVi+QQj49i91OyvzkJl6cg==
  dependencies:
    glob-to-regexp "^0.4.1"
    graceful-fs "^4.1.2"

wrappy@1:
  version "1.0.2"
  resolved "https://registry.yarnpkg.com/wrappy/-/wrappy-1.0.2.tgz#b5243d8f3ec1aa35f1364605bc0d1036e30ab69f"
  integrity sha512-l4Sp/DRseor9wL6EvV2+TuQn63dMkPjZ/sp9XkghTEbV9KlPS1xUsZ3u7/IQO4wxtcFB4bgpQPRcR3QCvezPcQ==

xtend@~4.0.1:
  version "4.0.2"
  resolved "https://registry.yarnpkg.com/xtend/-/xtend-4.0.2.tgz#bb72779f5fa465186b1f438f674fa347fdb5db54"
  integrity sha512-LKYU1iAXJXUgAXn9URjiu+MWhyUXHsvfp7mcuYm9dSUKK0/CjtrUwFAxD82/mCWbtLsGjFIad0wIsod4zrTAEQ==

zod@3.21.4:
  version "3.21.4"
  resolved "https://registry.yarnpkg.com/zod/-/zod-3.21.4.tgz#10882231d992519f0a10b5dd58a38c9dabbb64db"
  integrity sha512-m46AKbrzKVzOzs/DZgVnG5H55N1sv1M8qZU3A8RIKbs3mrACDNeIOeilDymVb2HdmP8uwshOCF4uJ8uM9rCqJw==
